github.com/BurntSushi/toml v0.2.0 h1:OthAm9ZSUx4uAmn3WbPwc06nowWrByRwBsYRhbmFjBs=
github.com/BurntSushi/toml v0.2.0/go.mod h1:xHWCNGjB5oqiDr8zfno3MHue2Ht5sIBksp03qcyfWMU=
github.com/Sirupsen/logrus v0.9.1-0.20160224211030-219c8cb75c25 h1:uwU5TOg+9zBlsRjOmv2A0c3brTgW8lvKGNY+s5iT3wc=
github.com/Sirupsen/logrus v0.9.1-0.20160224211030-219c8cb75c25/go.mod h1:rmk17hk6i8ZSAJkSDa7nOxamrG+SP4P0mm+DAvExv4U=
github.com/beorn7/perks v0.0.0-20160804104726-4c0e84591b9a h1:BtpsbiV638WQZwhA98cEZw2BsbnQJrbd0BI7tsy0W1c=
github.com/beorn7/perks v0.0.0-20160804104726-4c0e84591b9a/go.mod h1:Dwedo/Wpr24TaqPxmxbtue+5NUziq4I4S80YR8gNf3Q=
github.com/golang/protobuf v0.0.0-20161012205335-98fa35717058 h1:xVBSuG3IwzD01VUAgfPihkonFpb8hX+WmT5PLrKQZFw=
github.com/golang/protobuf v0.0.0-20161012205335-98fa35717058/go.mod h1:6lQm79b+lXiMfvg/cZm0SGofjICqVBUtrP5yJMmIC1U=
github.com/matttproud/golang_protobuf_extensions v1.0.1 h1:4hp9jkHxhMHkqkrB3Ix0jegS5sx/RkqARlsWZ6pIwiU=
github.com/matttproud/golang_protobuf_extensions v1.0.1/go.mod h1:D8He9yQNgCq6Z5Ld7szi9bcBfOoFv/3dc6xSMkL2PC0=
github.com/prometheus/client_golang v0.8.1-0.20160916180340-5636dc67ae77 h1:YXoHPWLq9PIcMoZg7znMmEzqYHBszdXSemwGQRJoiSk=
github.com/prometheus/client_golang v0.8.1-0.20160916180340-5636dc67ae77/go.mod h1:7SWBe2y4D6OKWSNQJUaRYU/AaXPKyh/dDVn+NZz0KFw=
github.com/prometheus/client_model v0.0.0-20150212101744-fa8ad6fec335 h1:0E/5GnGmzoDCtmzTycjGDWW33H0UBmAhR0h+FC8hWLs=
github.com/prometheus/client_model v0.0.0-20150212101744-fa8ad6fec335/go.mod h1:MbSGuTsp3dbXC40dX6PRTWyKYBIrTGTE9sqQNg2J8bo=
github.com/prometheus/common v0.0.0-20161002210234-85637ea67b04 h1:ScZ/BRzCsrcF/kvwkCSrfbJKVYwFN4adadN0ejBsMkY=
github.com/prometheus/common v0.0.0-20161002210234-85637ea67b04/go.mod h1:daVV7qP5qjZbuso7PdcryaAu0sAZbrN9i7WWcTMWvro=
github.com/prometheus/procfs v0.0.0-20160411190841-abf152e5f3e9 h1:ex32PG6WhE5zviWS08vcXTwX2IkaH9zpeYZZvrmj3/U=
github.com/prometheus/procfs v0.0.0-20160411190841-abf152e5f3e9/go.mod h1:c3At6R/oaqEKCNdg8wHV1ftS6bRYblBhIjjI8uT2IGk=
github.com/retzkek/iso8601duration v0.0.0-20160527204447-d27cc0ce07ec h1:so+1Rjw4oeMSCjRZG4W092MFr1JSZ4f4AtPKRvnOITs=
github.com/retzkek/iso8601duration v0.0.0-20160527204447-d27cc0ce07ec/go.mod h1:Vj3RBAghD0nNV2Ghnt0z/7kG0yzDQnSQkYGIK1u6WUY=
github.com/streadway/amqp v0.0.0-20151001150549-b4f3ceab0337 h1:Do4OV2fMl/OXpNBfGou9Trdrg9uO0O3jQYsTD4EWum0=
github.com/streadway/amqp v0.0.0-20151001150549-b4f3ceab0337/go.mod h1:1WNBiOZtZQLpVAyu0iTduoJL9hEsMloAK5XWrtW0xdY=
golang.org/x/sys v0.0.0-20210220050731-9a76102bfb43 h1:SgQ6LNaYJU0JIuEHv9+s6EbhSCwYeAf5Yvj6lpYlqAE=
golang.org/x/sys v0.0.0-20210220050731-9a76102bfb43/go.mod h1:h1NjWce9XRLGQEsW7wpKNCjG9DtNlClVuFLEZdDNbEs=
